
Microsoft Visual Studio Solution File, Format Version 12.00
# Visual Studio Version 16
VisualStudioVersion = 16.0.29613.14
MinimumVisualStudioVersion = 10.0.40219.1
Project("{9A19103F-16F7-4668-BE54-9A1E7A4F7556}") = "APIdaze.SDK", "Apidaze.SDK\APIdaze.SDK.csproj", "{6DED594D-D408-447E-A0DA-69B7F98634A1}"
EndProject
Project("{9A19103F-16F7-4668-BE54-9A1E7A4F7556}") = "APIdaze.SDK.Tests.Unit", "Apidaze.SDK.Tests.Unit\APIdaze.SDK.Tests.Unit.csproj", "{29205EBA-D45F-4D8B-89E9-1FF75C891DD2}"
EndProject
Project("{9A19103F-16F7-4668-BE54-9A1E7A4F7556}") = "APIdaze.SDK.Tests.Integration", "Apidaze.SDK.Tests.Integration\APIdaze.SDK.Tests.Integration.csproj", "{5C8021FB-208A-428D-A3ED-BCEB394E6677}"
EndProject
Global
	GlobalSection(SolutionConfigurationPlatforms) = preSolution
		Debug|Any CPU = Debug|Any CPU
		Release|Any CPU = Release|Any CPU
	EndGlobalSection
	GlobalSection(ProjectConfigurationPlatforms) = postSolution
		{6DED594D-D408-447E-A0DA-69B7F98634A1}.Debug|Any CPU.ActiveCfg = Debug|Any CPU
		{6DED594D-D408-447E-A0DA-69B7F98634A1}.Debug|Any CPU.Build.0 = Debug|Any CPU
		{6DED594D-D408-447E-A0DA-69B7F98634A1}.Release|Any CPU.ActiveCfg = Release|Any CPU
		{6DED594D-D408-447E-A0DA-69B7F98634A1}.Release|Any CPU.Build.0 = Release|Any CPU
		{29205EBA-D45F-4D8B-89E9-1FF75C891DD2}.Debug|Any CPU.ActiveCfg = Debug|Any CPU
		{29205EBA-D45F-4D8B-89E9-1FF75C891DD2}.Debug|Any CPU.Build.0 = Debug|Any CPU
		{29205EBA-D45F-4D8B-89E9-1FF75C891DD2}.Release|Any CPU.ActiveCfg = Release|Any CPU
		{29205EBA-D45F-4D8B-89E9-1FF75C891DD2}.Release|Any CPU.Build.0 = Release|Any CPU
		{5C8021FB-208A-428D-A3ED-BCEB394E6677}.Debug|Any CPU.ActiveCfg = Debug|Any CPU
		{5C8021FB-208A-428D-A3ED-BCEB394E6677}.Debug|Any CPU.Build.0 = Debug|Any CPU
		{5C8021FB-208A-428D-A3ED-BCEB394E6677}.Release|Any CPU.ActiveCfg = Release|Any CPU
		{5C8021FB-208A-428D-A3ED-BCEB394E6677}.Release|Any CPU.Build.0 = Release|Any CPU
	EndGlobalSection
	GlobalSection(SolutionProperties) = preSolution
		HideSolutionNode = FALSE
	EndGlobalSection
	GlobalSection(ExtensibilityGlobals) = postSolution
		SolutionGuid = {2F57FD98-5A15-49F3-923C-967E49E1A665}
	EndGlobalSection
EndGlobal
